
Microsoft Visual Studio Solution File, Format Version 12.00
# Visual Studio Version 17
VisualStudioVersion = 17.0.31903.59
MinimumVisualStudioVersion = 10.0.40219.1
Project("{FAE04EC0-301F-11D3-BF4B-00C04F79EFBC}") = "file Gym Fitness Management System", "file Gym Fitness Management System\file Gym Fitness Management System.csproj", "{159AA779-63F9-411F-8655-A2D50E2E0EEC}"
EndProject
Global
	GlobalSection(SolutionConfigurationPlatforms) = preSolution
		Debug|Any CPU = Debug|Any CPU
		Release|Any CPU = Release|Any CPU
	EndGlobalSection
	GlobalSection(SolutionProperties) = preSolution
		HideSolutionNode = FALSE
	EndGlobalSection
	GlobalSection(ProjectConfigurationPlatforms) = postSolution
		{159AA779-63F9-411F-8655-A2D50E2E0EEC}.Debug|Any CPU.ActiveCfg = Debug|Any CPU
		{159AA779-63F9-411F-8655-A2D50E2E0EEC}.Debug|Any CPU.Build.0 = Debug|Any CPU
		{159AA779-63F9-411F-8655-A2D50E2E0EEC}.Release|Any CPU.ActiveCfg = Release|Any CPU
		{159AA779-63F9-411F-8655-A2D50E2E0EEC}.Release|Any CPU.Build.0 = Release|Any CPU
	EndGlobalSection
EndGlobal
