
Microsoft Visual Studio Solution File, Format Version 12.00
# Visual Studio Version 17
VisualStudioVersion = 17.13.35806.99 d17.13
MinimumVisualStudioVersion = 10.0.40219.1
Project("{FAE04EC0-301F-11D3-BF4B-00C04F79EFBC}") = "GetReady", "GetReady\GetReady.csproj", "{0FEC75BE-35B8-4A93-B6A8-9E33ADD9DF77}"
EndProject
Global
	GlobalSection(SolutionConfigurationPlatforms) = preSolution
		Debug|Any CPU = Debug|Any CPU
		Release|Any CPU = Release|Any CPU
	EndGlobalSection
	GlobalSection(ProjectConfigurationPlatforms) = postSolution
		{0FEC75BE-35B8-4A93-B6A8-9E33ADD9DF77}.Debug|Any CPU.ActiveCfg = Debug|Any CPU
		{0FEC75BE-35B8-4A93-B6A8-9E33ADD9DF77}.Debug|Any CPU.Build.0 = Debug|Any CPU
		{0FEC75BE-35B8-4A93-B6A8-9E33ADD9DF77}.Release|Any CPU.ActiveCfg = Release|Any CPU
		{0FEC75BE-35B8-4A93-B6A8-9E33ADD9DF77}.Release|Any CPU.Build.0 = Release|Any CPU
	EndGlobalSection
	GlobalSection(SolutionProperties) = preSolution
		HideSolutionNode = FALSE
	EndGlobalSection
	GlobalSection(ExtensibilityGlobals) = postSolution
		SolutionGuid = {A5E60C8E-D386-45C1-A77F-A8186ADA3A10}
	EndGlobalSection
EndGlobal
